
Microsoft Visual Studio Solution File, Format Version 12.00
# Visual Studio Version 17
VisualStudioVersion = 17.3.32929.385
MinimumVisualStudioVersion = 10.0.40219.1
Project("{9A19103F-16F7-4668-BE54-9A1E7A4F7556}") = "DiagramMaker", "DiagramMaker\DiagramMaker.csproj", "{7DD8F9C5-90D8-439A-863E-833D7C1726CA}"
EndProject
Project("{FAE04EC0-301F-11D3-BF4B-00C04F79EFBC}") = "DiagramMaker.Infrastructure", ".DiagramMaker.Infrastructure\DiagramMaker.Infrastructure.csproj", "{8B09166A-EB2C-4D35-9308-08C793215C1C}"
EndProject
Global
	GlobalSection(SolutionConfigurationPlatforms) = preSolution
		Debug|Any CPU = Debug|Any CPU
		Release|Any CPU = Release|Any CPU
	EndGlobalSection
	GlobalSection(ProjectConfigurationPlatforms) = postSolution
		{7DD8F9C5-90D8-439A-863E-833D7C1726CA}.Debug|Any CPU.ActiveCfg = Debug|Any CPU
		{7DD8F9C5-90D8-439A-863E-833D7C1726CA}.Debug|Any CPU.Build.0 = Debug|Any CPU
		{7DD8F9C5-90D8-439A-863E-833D7C1726CA}.Release|Any CPU.ActiveCfg = Release|Any CPU
		{7DD8F9C5-90D8-439A-863E-833D7C1726CA}.Release|Any CPU.Build.0 = Release|Any CPU
		{8B09166A-EB2C-4D35-9308-08C793215C1C}.Debug|Any CPU.ActiveCfg = Debug|Any CPU
		{8B09166A-EB2C-4D35-9308-08C793215C1C}.Debug|Any CPU.Build.0 = Debug|Any CPU
		{8B09166A-EB2C-4D35-9308-08C793215C1C}.Release|Any CPU.ActiveCfg = Release|Any CPU
		{8B09166A-EB2C-4D35-9308-08C793215C1C}.Release|Any CPU.Build.0 = Release|Any CPU
	EndGlobalSection
	GlobalSection(SolutionProperties) = preSolution
		HideSolutionNode = FALSE
	EndGlobalSection
	GlobalSection(ExtensibilityGlobals) = postSolution
		SolutionGuid = {5442FE4D-1495-488D-AA7E-2A6184BA6A69}
	EndGlobalSection
EndGlobal
